
Microsoft Visual Studio Solution File, Format Version 12.00
# Visual Studio 15
VisualStudioVersion = 15.0.28010.2046
MinimumVisualStudioVersion = 10.0.40219.1
Project("{FAE04EC0-301F-11D3-BF4B-00C04F79EFBC}") = "GiaoDienKhachHang", "GiaoDienKhachHang\GiaoDienKhachHang.csproj", "{34E197D6-A19B-4396-A360-B3600690B1C6}"
EndProject
Project("{FAE04EC0-301F-11D3-BF4B-00C04F79EFBC}") = "Model", "Model\Model.csproj", "{F7B95722-5AAB-4642-A57A-68240E847E83}"
EndProject
Project("{FAE04EC0-301F-11D3-BF4B-00C04F79EFBC}") = "GiaoDienNV", "GiaoDienNV\GiaoDienNV.csproj", "{EC5914FA-DA5B-4C14-B1B3-EA9DB8786620}"
EndProject
Project("{FAE04EC0-301F-11D3-BF4B-00C04F79EFBC}") = "Common", "Common\Common.csproj", "{E557C47A-972B-4AF0-B232-D723A03AA8A3}"
EndProject
Global
	GlobalSection(SolutionConfigurationPlatforms) = preSolution
		Debug|Any CPU = Debug|Any CPU
		Release|Any CPU = Release|Any CPU
	EndGlobalSection
	GlobalSection(ProjectConfigurationPlatforms) = postSolution
		{34E197D6-A19B-4396-A360-B3600690B1C6}.Debug|Any CPU.ActiveCfg = Debug|Any CPU
		{34E197D6-A19B-4396-A360-B3600690B1C6}.Debug|Any CPU.Build.0 = Debug|Any CPU
		{34E197D6-A19B-4396-A360-B3600690B1C6}.Release|Any CPU.ActiveCfg = Release|Any CPU
		{34E197D6-A19B-4396-A360-B3600690B1C6}.Release|Any CPU.Build.0 = Release|Any CPU
		{F7B95722-5AAB-4642-A57A-68240E847E83}.Debug|Any CPU.ActiveCfg = Debug|Any CPU
		{F7B95722-5AAB-4642-A57A-68240E847E83}.Debug|Any CPU.Build.0 = Debug|Any CPU
		{F7B95722-5AAB-4642-A57A-68240E847E83}.Release|Any CPU.ActiveCfg = Release|Any CPU
		{F7B95722-5AAB-4642-A57A-68240E847E83}.Release|Any CPU.Build.0 = Release|Any CPU
		{EC5914FA-DA5B-4C14-B1B3-EA9DB8786620}.Debug|Any CPU.ActiveCfg = Debug|Any CPU
		{EC5914FA-DA5B-4C14-B1B3-EA9DB8786620}.Debug|Any CPU.Build.0 = Debug|Any CPU
		{EC5914FA-DA5B-4C14-B1B3-EA9DB8786620}.Release|Any CPU.ActiveCfg = Release|Any CPU
		{EC5914FA-DA5B-4C14-B1B3-EA9DB8786620}.Release|Any CPU.Build.0 = Release|Any CPU
		{E557C47A-972B-4AF0-B232-D723A03AA8A3}.Debug|Any CPU.ActiveCfg = Debug|Any CPU
		{E557C47A-972B-4AF0-B232-D723A03AA8A3}.Debug|Any CPU.Build.0 = Debug|Any CPU
		{E557C47A-972B-4AF0-B232-D723A03AA8A3}.Release|Any CPU.ActiveCfg = Release|Any CPU
		{E557C47A-972B-4AF0-B232-D723A03AA8A3}.Release|Any CPU.Build.0 = Release|Any CPU
	EndGlobalSection
	GlobalSection(SolutionProperties) = preSolution
		HideSolutionNode = FALSE
	EndGlobalSection
	GlobalSection(ExtensibilityGlobals) = postSolution
		SolutionGuid = {5F80F874-8822-419E-A61C-994CFDA6D0DA}
	EndGlobalSection
EndGlobal
